
Microsoft Visual Studio Solution File, Format Version 12.00
# Visual Studio Version 17
VisualStudioVersion = 17.4.33110.190
MinimumVisualStudioVersion = 10.0.40219.1
Project("{FAE04EC0-301F-11D3-BF4B-00C04F79EFBC}") = "helloWorld", "helloWorld\helloWorld.csproj", "{AD37F2BF-F950-4A15-9963-CA381514CEC5}"
EndProject
Global
	GlobalSection(SolutionConfigurationPlatforms) = preSolution
		Debug|Any CPU = Debug|Any CPU
		Release|Any CPU = Release|Any CPU
	EndGlobalSection
	GlobalSection(ProjectConfigurationPlatforms) = postSolution
		{AD37F2BF-F950-4A15-9963-CA381514CEC5}.Debug|Any CPU.ActiveCfg = Debug|Any CPU
		{AD37F2BF-F950-4A15-9963-CA381514CEC5}.Debug|Any CPU.Build.0 = Debug|Any CPU
		{AD37F2BF-F950-4A15-9963-CA381514CEC5}.Release|Any CPU.ActiveCfg = Release|Any CPU
		{AD37F2BF-F950-4A15-9963-CA381514CEC5}.Release|Any CPU.Build.0 = Release|Any CPU
	EndGlobalSection
	GlobalSection(SolutionProperties) = preSolution
		HideSolutionNode = FALSE
	EndGlobalSection
	GlobalSection(ExtensibilityGlobals) = postSolution
		SolutionGuid = {8C01382C-C7A1-4E58-933A-A09A11291DB3}
	EndGlobalSection
EndGlobal
